
Microsoft Visual Studio Solution File, Format Version 12.00
# Visual Studio Version 17
VisualStudioVersion = 17.9.34714.143
MinimumVisualStudioVersion = 10.0.40219.1
Project("{9A19103F-16F7-4668-BE54-9A1E7A4F7556}") = "StandSupportTool", "StandSupportTool\StandSupportTool.csproj", "{9B688505-00C2-4BB2-B803-20279B290463}"
EndProject
Global
	GlobalSection(SolutionConfigurationPlatforms) = preSolution
		Debug|Any CPU = Debug|Any CPU
		Release|Any CPU = Release|Any CPU
	EndGlobalSection
	GlobalSection(ProjectConfigurationPlatforms) = postSolution
		{9B688505-00C2-4BB2-B803-20279B290463}.Debug|Any CPU.ActiveCfg = Debug|Any CPU
		{9B688505-00C2-4BB2-B803-20279B290463}.Debug|Any CPU.Build.0 = Debug|Any CPU
		{9B688505-00C2-4BB2-B803-20279B290463}.Release|Any CPU.ActiveCfg = Release|Any CPU
		{9B688505-00C2-4BB2-B803-20279B290463}.Release|Any CPU.Build.0 = Release|Any CPU
	EndGlobalSection
	GlobalSection(SolutionProperties) = preSolution
		HideSolutionNode = FALSE
	EndGlobalSection
	GlobalSection(ExtensibilityGlobals) = postSolution
		SolutionGuid = {7498B641-BE76-4F93-BDC2-4D91EB3FDF5B}
	EndGlobalSection
EndGlobal
